{
  "name": "wsgame-server",
  "version": "0.0.0",
  "lockfileVersion": 1,
  "requires": true,
  "dependencies": {
    "@types/node": {
      "version": "14.14.44",
      "resolved": "https://registry.npmjs.org/@types/node/-/node-14.14.44.tgz",
      "integrity": "sha512-+gaugz6Oce6ZInfI/tK4Pq5wIIkJMEJUu92RB3Eu93mtj4wjjjz9EB5mLp5s1pSsLXdC/CPut/xF20ZzAQJbTA=="
    },
    "@types/uuid": {
      "version": "8.3.0",
      "resolved": "https://registry.npmjs.org/@types/uuid/-/uuid-8.3.0.tgz",
      "integrity": "sha512-eQ9qFW/fhfGJF8WKHGEHZEyVWfZxrT+6CLIJGBcZPfxUh/+BnEj+UCGYMlr9qZuX/2AltsvwrGqp0LhEW8D0zQ=="
    },
    "@types/ws": {
      "version": "7.4.2",
      "resolved": "https://registry.npmjs.org/@types/ws/-/ws-7.4.2.tgz",
      "integrity": "sha512-PbeN0Eydl7LQl4OIav29YmkO2LxbVuz3nZD/kb19lOS+wLgIkRbWMNmU/QQR7ABpOJ7D7xDOU8co7iohObewrw==",
      "requires": {
        "@types/node": "*"
      }
    },
    "dotenv": {
      "version": "16.0.0",
      "resolved": "https://registry.npmjs.org/dotenv/-/dotenv-16.0.0.tgz",
      "integrity": "sha512-qD9WU0MPM4SWLPJy/r2Be+2WgQj8plChsyrCNQzW/0WjvcJQiKQJ9mH3ZgB3fxbUUxgc/11ZJ0Fi5KiimWGz2Q=="
    },
    "typescript": {
      "version": "4.2.4",
      "resolved": "https://registry.npmjs.org/typescript/-/typescript-4.2.4.tgz",
      "integrity": "sha512-V+evlYHZnQkaz8TRBuxTA92yZBPotr5H+WhQ7bD3hZUndx5tGOa1fuCgeSjxAzM1RiN5IzvadIXTVefuuwZCRg==",
      "dev": true
    },
    "uuid": {
      "version": "8.3.2",
      "resolved": "https://registry.npmjs.org/uuid/-/uuid-8.3.2.tgz",
      "integrity": "sha512-+NYs2QeMWy+GWFOEm9xnn6HCDp0l7QBD7ml8zLUmJ+93Q5NF0NocErnwkTkXVFNiX3/fpC6afS8Dhb/gz7R7eg=="
    },
    "ws": {
      "version": "7.4.5",
      "resolved": "https://registry.npmjs.org/ws/-/ws-7.4.5.tgz",
      "integrity": "sha512-xzyu3hFvomRfXKH8vOFMU3OguG6oOvhXMo3xsGy3xWExqaM2dxBbVxuD99O7m3ZUFMvvscsZDqxfgMaRr/Nr1g=="
    }
  }
}
